
Microsoft Visual Studio Solution File, Format Version 12.00
# Visual Studio Version 17
VisualStudioVersion = 17.11.35312.102
MinimumVisualStudioVersion = 10.0.40219.1
Project("{FAE04EC0-301F-11D3-BF4B-00C04F79EFBC}") = "jfservice", "jfservice\jfservice.csproj", "{8F09B4C3-AA04-4526-A96B-DDD75DC37693}"
EndProject
Global
	GlobalSection(SolutionConfigurationPlatforms) = preSolution
		Debug|Any CPU = Debug|Any CPU
		Release|Any CPU = Release|Any CPU
	EndGlobalSection
	GlobalSection(ProjectConfigurationPlatforms) = postSolution
		{8F09B4C3-AA04-4526-A96B-DDD75DC37693}.Debug|Any CPU.ActiveCfg = Debug|Any CPU
		{8F09B4C3-AA04-4526-A96B-DDD75DC37693}.Debug|Any CPU.Build.0 = Debug|Any CPU
		{8F09B4C3-AA04-4526-A96B-DDD75DC37693}.Release|Any CPU.ActiveCfg = Release|Any CPU
		{8F09B4C3-AA04-4526-A96B-DDD75DC37693}.Release|Any CPU.Build.0 = Release|Any CPU
	EndGlobalSection
	GlobalSection(SolutionProperties) = preSolution
		HideSolutionNode = FALSE
	EndGlobalSection
	GlobalSection(ExtensibilityGlobals) = postSolution
		SolutionGuid = {A13F3B45-82FA-4564-963C-6FA6385BDC18}
	EndGlobalSection
EndGlobal
